
Microsoft Visual Studio Solution File, Format Version 12.00
# Visual Studio 14
VisualStudioVersion = 14.0.23107.0
MinimumVisualStudioVersion = 10.0.40219.1
Project("{FAE04EC0-301F-11D3-BF4B-00C04F79EFBC}") = "SpeedingCar", "SpeedingCar\SpeedingCar.csproj", "{41371238-F9AC-41A5-B043-B4E1830AF6C2}"
EndProject
Project("{FAE04EC0-301F-11D3-BF4B-00C04F79EFBC}") = "Conductor", "Conductor\Conductor.csproj", "{A995736A-74D4-4ACA-BE3A-3D95A453C743}"
EndProject
Project("{FAE04EC0-301F-11D3-BF4B-00C04F79EFBC}") = "MalkoKote", "MalkoKote\MalkoKote.csproj", "{0C4895CD-2271-44B1-8721-D3B79B4DD1C5}"
EndProject
Global
	GlobalSection(SolutionConfigurationPlatforms) = preSolution
		Debug|Any CPU = Debug|Any CPU
		Release|Any CPU = Release|Any CPU
	EndGlobalSection
	GlobalSection(ProjectConfigurationPlatforms) = postSolution
		{41371238-F9AC-41A5-B043-B4E1830AF6C2}.Debug|Any CPU.ActiveCfg = Debug|Any CPU
		{41371238-F9AC-41A5-B043-B4E1830AF6C2}.Debug|Any CPU.Build.0 = Debug|Any CPU
		{41371238-F9AC-41A5-B043-B4E1830AF6C2}.Release|Any CPU.ActiveCfg = Release|Any CPU
		{41371238-F9AC-41A5-B043-B4E1830AF6C2}.Release|Any CPU.Build.0 = Release|Any CPU
		{A995736A-74D4-4ACA-BE3A-3D95A453C743}.Debug|Any CPU.ActiveCfg = Debug|Any CPU
		{A995736A-74D4-4ACA-BE3A-3D95A453C743}.Debug|Any CPU.Build.0 = Debug|Any CPU
		{A995736A-74D4-4ACA-BE3A-3D95A453C743}.Release|Any CPU.ActiveCfg = Release|Any CPU
		{A995736A-74D4-4ACA-BE3A-3D95A453C743}.Release|Any CPU.Build.0 = Release|Any CPU
		{0C4895CD-2271-44B1-8721-D3B79B4DD1C5}.Debug|Any CPU.ActiveCfg = Debug|Any CPU
		{0C4895CD-2271-44B1-8721-D3B79B4DD1C5}.Debug|Any CPU.Build.0 = Debug|Any CPU
		{0C4895CD-2271-44B1-8721-D3B79B4DD1C5}.Release|Any CPU.ActiveCfg = Release|Any CPU
		{0C4895CD-2271-44B1-8721-D3B79B4DD1C5}.Release|Any CPU.Build.0 = Release|Any CPU
	EndGlobalSection
	GlobalSection(SolutionProperties) = preSolution
		HideSolutionNode = FALSE
	EndGlobalSection
EndGlobal
